// !$*UTF8*$!
{
	archiveVersion = 1;
	classes = {
	};
	objectVersion = 60;
	objects = {

/* Begin PBXBuildFile section */
		B50C1B4E2D9C59B10031D541 /* MaskView.swift in Sources */ = {isa = PBXBuildFile; fileRef = B50C1B4D2D9C59B10031D541 /* MaskView.swift */; };
		B50C1B502DA0131B0031D541 /* CityStationService.swift in Sources */ = {isa = PBXBuildFile; fileRef = B50C1B4F2DA0131B0031D541 /* CityStationService.swift */; };
		B50C1B572DA53AB40031D541 /* Constants.swift in Sources */ = {isa = PBXBuildFile; fileRef = B50C1B562DA53AB40031D541 /* Constants.swift */; };
		B50C1B612DA693690031D541 /* SearchRoutesNetworkService.swift in Sources */ = {isa = PBXBuildFile; fileRef = B50C1B602DA693690031D541 /* SearchRoutesNetworkService.swift */; };
		B528967A2D54C18300A41FDA /* TravelScheduleApp.swift in Sources */ = {isa = PBXBuildFile; fileRef = B52896792D54C18300A41FDA /* TravelScheduleApp.swift */; };
		B528967E2D54C18A00A41FDA /* Assets.xcassets in Resources */ = {isa = PBXBuildFile; fileRef = B528967D2D54C18A00A41FDA /* Assets.xcassets */; };
		B52896812D54C18A00A41FDA /* Preview Assets.xcassets in Resources */ = {isa = PBXBuildFile; fileRef = B52896802D54C18A00A41FDA /* Preview Assets.xcassets */; };
		B528968B2D54C18B00A41FDA /* TravelScheduleTests.swift in Sources */ = {isa = PBXBuildFile; fileRef = B528968A2D54C18B00A41FDA /* TravelScheduleTests.swift */; };
		B52896952D54C18B00A41FDA /* TravelScheduleUITests.swift in Sources */ = {isa = PBXBuildFile; fileRef = B52896942D54C18B00A41FDA /* TravelScheduleUITests.swift */; };
		B52896972D54C18B00A41FDA /* TravelScheduleUITestsLaunchTests.swift in Sources */ = {isa = PBXBuildFile; fileRef = B52896962D54C18B00A41FDA /* TravelScheduleUITestsLaunchTests.swift */; };
		B55348AB2D6770110079101F /* CarrierService.swift in Sources */ = {isa = PBXBuildFile; fileRef = B55348AA2D6770110079101F /* CarrierService.swift */; };
		B55348AD2D6773D00079101F /* CopyrightService.swift in Sources */ = {isa = PBXBuildFile; fileRef = B55348AC2D6773D00079101F /* CopyrightService.swift */; };
		B55348AF2D6774160079101F /* StationListService.swift in Sources */ = {isa = PBXBuildFile; fileRef = B55348AE2D6774160079101F /* StationListService.swift */; };
		B55348B12D67795D0079101F /* ThreadStationsService.swift in Sources */ = {isa = PBXBuildFile; fileRef = B55348B02D67795D0079101F /* ThreadStationsService.swift */; };
		B55348B32D677CEE0079101F /* SearchRouteService.swift in Sources */ = {isa = PBXBuildFile; fileRef = B55348B22D677CEE0079101F /* SearchRouteService.swift */; };
		B55348B52D688D090079101F /* StationScheduleService.swift in Sources */ = {isa = PBXBuildFile; fileRef = B55348B42D688D090079101F /* StationScheduleService.swift */; };
		B55348B72D6896870079101F /* TravelScheduleService.swift in Sources */ = {isa = PBXBuildFile; fileRef = B55348B62D6896870079101F /* TravelScheduleService.swift */; };
		B55348BE2D68B0060079101F /* FetchDataController.swift in Sources */ = {isa = PBXBuildFile; fileRef = B55348BD2D68B0060079101F /* FetchDataController.swift */; };
		B5D4053C2D5A20EC00CCAB2C /* OpenAPIRuntime in Frameworks */ = {isa = PBXBuildFile; productRef = B5D4053B2D5A20EC00CCAB2C /* OpenAPIRuntime */; };
		B5D4053F2D5A21D900CCAB2C /* OpenAPIURLSession in Frameworks */ = {isa = PBXBuildFile; productRef = B5D4053E2D5A21D900CCAB2C /* OpenAPIURLSession */; };
		B5D405432D5CBF7800CCAB2C /* openapi-generator-config.yaml in Resources */ = {isa = PBXBuildFile; fileRef = B5D405422D5CBF7800CCAB2C /* openapi-generator-config.yaml */; };
		B5D405452D5CC0AA00CCAB2C /* openapi.yaml in Resources */ = {isa = PBXBuildFile; fileRef = B5D405442D5CC0AA00CCAB2C /* openapi.yaml */; };
		B5D405482D5CC35400CCAB2C /* NearestStationService.swift in Sources */ = {isa = PBXBuildFile; fileRef = B5D405472D5CC35400CCAB2C /* NearestStationService.swift */; };
		B5D4054F2D5F6D0A00CCAB2C /* NearestSettlementService.swift in Sources */ = {isa = PBXBuildFile; fileRef = B5D4054E2D5F6D0A00CCAB2C /* NearestSettlementService.swift */; };
		B5EA26262D75C82C00D39349 /* SplashScreenView.swift in Sources */ = {isa = PBXBuildFile; fileRef = B5EA26252D75C82C00D39349 /* SplashScreenView.swift */; };
		B5EA26C12D8D90BE00D39349 /* CitySelectionViewModel.swift in Sources */ = {isa = PBXBuildFile; fileRef = B5EA26BB2D8D90BE00D39349 /* CitySelectionViewModel.swift */; };
		B5EA26C32D8D90BE00D39349 /* FilterViewModel.swift in Sources */ = {isa = PBXBuildFile; fileRef = B5EA26BD2D8D90BE00D39349 /* FilterViewModel.swift */; };
		B5EA26C42D8D90BE00D39349 /* StationSelectionViewModel.swift in Sources */ = {isa = PBXBuildFile; fileRef = B5EA26BE2D8D90BE00D39349 /* StationSelectionViewModel.swift */; };
		B5EA26C62D8D90BE00D39349 /* StoryScreenViewModel.swift in Sources */ = {isa = PBXBuildFile; fileRef = B5EA26C02D8D90BE00D39349 /* StoryScreenViewModel.swift */; };
		B5EA26CF2D8D90E200D39349 /* NavigationViewModel.swift in Sources */ = {isa = PBXBuildFile; fileRef = B5EA26C82D8D90E200D39349 /* NavigationViewModel.swift */; };
		B5EA26D02D8D90E200D39349 /* CityModel.swift in Sources */ = {isa = PBXBuildFile; fileRef = B5EA26C92D8D90E200D39349 /* CityModel.swift */; };
		B5EA26D12D8D90E200D39349 /* ScheduleModel.swift in Sources */ = {isa = PBXBuildFile; fileRef = B5EA26CA2D8D90E200D39349 /* ScheduleModel.swift */; };
		B5EA26D22D8D90E200D39349 /* CustomBackButtonViewModifier.swift in Sources */ = {isa = PBXBuildFile; fileRef = B5EA26CB2D8D90E200D39349 /* CustomBackButtonViewModifier.swift */; };
		B5EA26D32D8D90E200D39349 /* StoriesModel.swift in Sources */ = {isa = PBXBuildFile; fileRef = B5EA26CC2D8D90E200D39349 /* StoriesModel.swift */; };
		B5EA26D42D8D90E200D39349 /* StationModel.swift in Sources */ = {isa = PBXBuildFile; fileRef = B5EA26CD2D8D90E200D39349 /* StationModel.swift */; };
		B5EA26D52D8D90E200D39349 /* CarrierModel.swift in Sources */ = {isa = PBXBuildFile; fileRef = B5EA26CE2D8D90E200D39349 /* CarrierModel.swift */; };
		B5EA26EC2D8D911B00D39349 /* CarrierCard.swift in Sources */ = {isa = PBXBuildFile; fileRef = B5EA26D82D8D911B00D39349 /* CarrierCard.swift */; };
		B5EA26ED2D8D911B00D39349 /* CarriersScreenView.swift in Sources */ = {isa = PBXBuildFile; fileRef = B5EA26D92D8D911B00D39349 /* CarriersScreenView.swift */; };
		B5EA26EE2D8D911B00D39349 /* CarrierScreenView.swift in Sources */ = {isa = PBXBuildFile; fileRef = B5EA26DA2D8D911B00D39349 /* CarrierScreenView.swift */; };
		B5EA26EF2D8D911B00D39349 /* InternetErrorView.swift in Sources */ = {isa = PBXBuildFile; fileRef = B5EA26DC2D8D911B00D39349 /* InternetErrorView.swift */; };
		B5EA26F02D8D911B00D39349 /* ServerErrorView.swift in Sources */ = {isa = PBXBuildFile; fileRef = B5EA26DD2D8D911B00D39349 /* ServerErrorView.swift */; };
		B5EA26F12D8D911B00D39349 /* FilterScreenView.swift in Sources */ = {isa = PBXBuildFile; fileRef = B5EA26DF2D8D911B00D39349 /* FilterScreenView.swift */; };
		B5EA26F22D8D911B00D39349 /* RadioButtonRowView.swift in Sources */ = {isa = PBXBuildFile; fileRef = B5EA26E02D8D911B00D39349 /* RadioButtonRowView.swift */; };
		B5EA26F32D8D911B00D39349 /* CheckBoxRowView.swift in Sources */ = {isa = PBXBuildFile; fileRef = B5EA26E12D8D911B00D39349 /* CheckBoxRowView.swift */; };
		B5EA26F42D8D911B00D39349 /* CitySelectionView.swift in Sources */ = {isa = PBXBuildFile; fileRef = B5EA26E22D8D911B00D39349 /* CitySelectionView.swift */; };
		B5EA26F52D8D911B00D39349 /* SettingsView.swift in Sources */ = {isa = PBXBuildFile; fileRef = B5EA26E42D8D911B00D39349 /* SettingsView.swift */; };
		B5EA26F62D8D911B00D39349 /* UserAgreementView.swift in Sources */ = {isa = PBXBuildFile; fileRef = B5EA26E52D8D911B00D39349 /* UserAgreementView.swift */; };
		B5EA26F72D8D911B00D39349 /* StationSelectionView.swift in Sources */ = {isa = PBXBuildFile; fileRef = B5EA26E62D8D911B00D39349 /* StationSelectionView.swift */; };
		B5EA26F82D8D911B00D39349 /* DirectionsTextFieldView.swift in Sources */ = {isa = PBXBuildFile; fileRef = B5EA26E82D8D911B00D39349 /* DirectionsTextFieldView.swift */; };
		B5EA26FA2D8D911B00D39349 /* MainScreenView.swift in Sources */ = {isa = PBXBuildFile; fileRef = B5EA26EA2D8D911B00D39349 /* MainScreenView.swift */; };
		B5EA26FB2D8D911B00D39349 /* ContentView.swift in Sources */ = {isa = PBXBuildFile; fileRef = B5EA26EB2D8D911B00D39349 /* ContentView.swift */; };
		B5EA26FF2D8D91FE00D39349 /* ThemeService.swift in Sources */ = {isa = PBXBuildFile; fileRef = B5EA26FE2D8D91FE00D39349 /* ThemeService.swift */; };
		B5F8334C2D96C0410088C634 /* ViewedStoriesVeiw.swift in Sources */ = {isa = PBXBuildFile; fileRef = B5F833412D96C0410088C634 /* ViewedStoriesVeiw.swift */; };
		B5F8334D2D96C0410088C634 /* CloseButton.swift in Sources */ = {isa = PBXBuildFile; fileRef = B5F833422D96C0410088C634 /* CloseButton.swift */; };
		B5F8334E2D96C0410088C634 /* MaskFragmentView.swift in Sources */ = {isa = PBXBuildFile; fileRef = B5F833442D96C0410088C634 /* MaskFragmentView.swift */; };
		B5F8334F2D96C0410088C634 /* ProgressBarView.swift in Sources */ = {isa = PBXBuildFile; fileRef = B5F833452D96C0410088C634 /* ProgressBarView.swift */; };
		B5F833512D96C0410088C634 /* StoriesScreenMainView.swift in Sources */ = {isa = PBXBuildFile; fileRef = B5F833472D96C0410088C634 /* StoriesScreenMainView.swift */; };
		B5F833522D96C0410088C634 /* StoriesView.swift in Sources */ = {isa = PBXBuildFile; fileRef = B5F833482D96C0410088C634 /* StoriesView.swift */; };
		B5F833532D96C0410088C634 /* StoryTextContent.swift in Sources */ = {isa = PBXBuildFile; fileRef = B5F833492D96C0410088C634 /* StoryTextContent.swift */; };
		B5F833542D96C0410088C634 /* StoryImageView.swift in Sources */ = {isa = PBXBuildFile; fileRef = B5F8334A2D96C0410088C634 /* StoryImageView.swift */; };
		B5F833552D96C0410088C634 /* ConfigurationStory.swift in Sources */ = {isa = PBXBuildFile; fileRef = B5F8334B2D96C0410088C634 /* ConfigurationStory.swift */; };
/* End PBXBuildFile section */

/* Begin PBXContainerItemProxy section */
		B52896872D54C18B00A41FDA /* PBXContainerItemProxy */ = {
			isa = PBXContainerItemProxy;
			containerPortal = B528966E2D54C18300A41FDA /* Project object */;
			proxyType = 1;
			remoteGlobalIDString = B52896752D54C18300A41FDA;
			remoteInfo = TravelSchedule;
		};
		B52896912D54C18B00A41FDA /* PBXContainerItemProxy */ = {
			isa = PBXContainerItemProxy;
			containerPortal = B528966E2D54C18300A41FDA /* Project object */;
			proxyType = 1;
			remoteGlobalIDString = B52896752D54C18300A41FDA;
			remoteInfo = TravelSchedule;
		};
/* End PBXContainerItemProxy section */

/* Begin PBXFileReference section */
		B50C1B4D2D9C59B10031D541 /* MaskView.swift */ = {isa = PBXFileReference; lastKnownFileType = sourcecode.swift; path = MaskView.swift; sourceTree = "<group>"; };
		B50C1B4F2DA0131B0031D541 /* CityStationService.swift */ = {isa = PBXFileReference; lastKnownFileType = sourcecode.swift; path = CityStationService.swift; sourceTree = "<group>"; };
		B50C1B562DA53AB40031D541 /* Constants.swift */ = {isa = PBXFileReference; lastKnownFileType = sourcecode.swift; path = Constants.swift; sourceTree = "<group>"; };
		B50C1B602DA693690031D541 /* SearchRoutesNetworkService.swift */ = {isa = PBXFileReference; lastKnownFileType = sourcecode.swift; path = SearchRoutesNetworkService.swift; sourceTree = "<group>"; };
		B52896762D54C18300A41FDA /* TravelSchedule.app */ = {isa = PBXFileReference; explicitFileType = wrapper.application; includeInIndex = 0; path = TravelSchedule.app; sourceTree = BUILT_PRODUCTS_DIR; };
		B52896792D54C18300A41FDA /* TravelScheduleApp.swift */ = {isa = PBXFileReference; lastKnownFileType = sourcecode.swift; path = TravelScheduleApp.swift; sourceTree = "<group>"; };
		B528967D2D54C18A00A41FDA /* Assets.xcassets */ = {isa = PBXFileReference; lastKnownFileType = folder.assetcatalog; path = Assets.xcassets; sourceTree = "<group>"; };
		B52896802D54C18A00A41FDA /* Preview Assets.xcassets */ = {isa = PBXFileReference; lastKnownFileType = folder.assetcatalog; path = "Preview Assets.xcassets"; sourceTree = "<group>"; };
		B52896862D54C18B00A41FDA /* TravelScheduleTests.xctest */ = {isa = PBXFileReference; explicitFileType = wrapper.cfbundle; includeInIndex = 0; path = TravelScheduleTests.xctest; sourceTree = BUILT_PRODUCTS_DIR; };
		B528968A2D54C18B00A41FDA /* TravelScheduleTests.swift */ = {isa = PBXFileReference; lastKnownFileType = sourcecode.swift; path = TravelScheduleTests.swift; sourceTree = "<group>"; };
		B52896902D54C18B00A41FDA /* TravelScheduleUITests.xctest */ = {isa = PBXFileReference; explicitFileType = wrapper.cfbundle; includeInIndex = 0; path = TravelScheduleUITests.xctest; sourceTree = BUILT_PRODUCTS_DIR; };
		B52896942D54C18B00A41FDA /* TravelScheduleUITests.swift */ = {isa = PBXFileReference; lastKnownFileType = sourcecode.swift; path = TravelScheduleUITests.swift; sourceTree = "<group>"; };
		B52896962D54C18B00A41FDA /* TravelScheduleUITestsLaunchTests.swift */ = {isa = PBXFileReference; lastKnownFileType = sourcecode.swift; path = TravelScheduleUITestsLaunchTests.swift; sourceTree = "<group>"; };
		B55348AA2D6770110079101F /* CarrierService.swift */ = {isa = PBXFileReference; lastKnownFileType = sourcecode.swift; path = CarrierService.swift; sourceTree = "<group>"; };
		B55348AC2D6773D00079101F /* CopyrightService.swift */ = {isa = PBXFileReference; lastKnownFileType = sourcecode.swift; path = CopyrightService.swift; sourceTree = "<group>"; };
		B55348AE2D6774160079101F /* StationListService.swift */ = {isa = PBXFileReference; lastKnownFileType = sourcecode.swift; path = StationListService.swift; sourceTree = "<group>"; };
		B55348B02D67795D0079101F /* ThreadStationsService.swift */ = {isa = PBXFileReference; lastKnownFileType = sourcecode.swift; path = ThreadStationsService.swift; sourceTree = "<group>"; };
		B55348B22D677CEE0079101F /* SearchRouteService.swift */ = {isa = PBXFileReference; lastKnownFileType = sourcecode.swift; path = SearchRouteService.swift; sourceTree = "<group>"; };
		B55348B42D688D090079101F /* StationScheduleService.swift */ = {isa = PBXFileReference; lastKnownFileType = sourcecode.swift; path = StationScheduleService.swift; sourceTree = "<group>"; };
		B55348B62D6896870079101F /* TravelScheduleService.swift */ = {isa = PBXFileReference; lastKnownFileType = sourcecode.swift; path = TravelScheduleService.swift; sourceTree = "<group>"; };
		B55348BD2D68B0060079101F /* FetchDataController.swift */ = {isa = PBXFileReference; lastKnownFileType = sourcecode.swift; path = FetchDataController.swift; sourceTree = "<group>"; };
		B5D405422D5CBF7800CCAB2C /* openapi-generator-config.yaml */ = {isa = PBXFileReference; lastKnownFileType = text.yaml; path = "openapi-generator-config.yaml"; sourceTree = "<group>"; };
		B5D405442D5CC0AA00CCAB2C /* openapi.yaml */ = {isa = PBXFileReference; fileEncoding = 4; lastKnownFileType = text.yaml; path = openapi.yaml; sourceTree = "<group>"; };
		B5D405472D5CC35400CCAB2C /* NearestStationService.swift */ = {isa = PBXFileReference; lastKnownFileType = sourcecode.swift; path = NearestStationService.swift; sourceTree = "<group>"; };
		B5D4054E2D5F6D0A00CCAB2C /* NearestSettlementService.swift */ = {isa = PBXFileReference; lastKnownFileType = sourcecode.swift; path = NearestSettlementService.swift; sourceTree = "<group>"; };
		B5EA26252D75C82C00D39349 /* SplashScreenView.swift */ = {isa = PBXFileReference; lastKnownFileType = sourcecode.swift; path = SplashScreenView.swift; sourceTree = "<group>"; };
		B5EA26BB2D8D90BE00D39349 /* CitySelectionViewModel.swift */ = {isa = PBXFileReference; fileEncoding = 4; lastKnownFileType = sourcecode.swift; path = CitySelectionViewModel.swift; sourceTree = "<group>"; };
		B5EA26BD2D8D90BE00D39349 /* FilterViewModel.swift */ = {isa = PBXFileReference; fileEncoding = 4; lastKnownFileType = sourcecode.swift; path = FilterViewModel.swift; sourceTree = "<group>"; };
		B5EA26BE2D8D90BE00D39349 /* StationSelectionViewModel.swift */ = {isa = PBXFileReference; fileEncoding = 4; lastKnownFileType = sourcecode.swift; path = StationSelectionViewModel.swift; sourceTree = "<group>"; };
		B5EA26C02D8D90BE00D39349 /* StoryScreenViewModel.swift */ = {isa = PBXFileReference; fileEncoding = 4; lastKnownFileType = sourcecode.swift; path = StoryScreenViewModel.swift; sourceTree = "<group>"; };
		B5EA26C82D8D90E200D39349 /* NavigationViewModel.swift */ = {isa = PBXFileReference; fileEncoding = 4; lastKnownFileType = sourcecode.swift; path = NavigationViewModel.swift; sourceTree = "<group>"; };
		B5EA26C92D8D90E200D39349 /* CityModel.swift */ = {isa = PBXFileReference; fileEncoding = 4; lastKnownFileType = sourcecode.swift; path = CityModel.swift; sourceTree = "<group>"; };
		B5EA26CA2D8D90E200D39349 /* ScheduleModel.swift */ = {isa = PBXFileReference; fileEncoding = 4; lastKnownFileType = sourcecode.swift; path = ScheduleModel.swift; sourceTree = "<group>"; };
		B5EA26CB2D8D90E200D39349 /* CustomBackButtonViewModifier.swift */ = {isa = PBXFileReference; fileEncoding = 4; lastKnownFileType = sourcecode.swift; path = CustomBackButtonViewModifier.swift; sourceTree = "<group>"; };
		B5EA26CC2D8D90E200D39349 /* StoriesModel.swift */ = {isa = PBXFileReference; fileEncoding = 4; lastKnownFileType = sourcecode.swift; path = StoriesModel.swift; sourceTree = "<group>"; };
		B5EA26CD2D8D90E200D39349 /* StationModel.swift */ = {isa = PBXFileReference; fileEncoding = 4; lastKnownFileType = sourcecode.swift; path = StationModel.swift; sourceTree = "<group>"; };
		B5EA26CE2D8D90E200D39349 /* CarrierModel.swift */ = {isa = PBXFileReference; fileEncoding = 4; lastKnownFileType = sourcecode.swift; path = CarrierModel.swift; sourceTree = "<group>"; };
		B5EA26D82D8D911B00D39349 /* CarrierCard.swift */ = {isa = PBXFileReference; fileEncoding = 4; lastKnownFileType = sourcecode.swift; path = CarrierCard.swift; sourceTree = "<group>"; };
		B5EA26D92D8D911B00D39349 /* CarriersScreenView.swift */ = {isa = PBXFileReference; fileEncoding = 4; lastKnownFileType = sourcecode.swift; path = CarriersScreenView.swift; sourceTree = "<group>"; };
		B5EA26DA2D8D911B00D39349 /* CarrierScreenView.swift */ = {isa = PBXFileReference; fileEncoding = 4; lastKnownFileType = sourcecode.swift; path = CarrierScreenView.swift; sourceTree = "<group>"; };
		B5EA26DC2D8D911B00D39349 /* InternetErrorView.swift */ = {isa = PBXFileReference; fileEncoding = 4; lastKnownFileType = sourcecode.swift; path = InternetErrorView.swift; sourceTree = "<group>"; };
		B5EA26DD2D8D911B00D39349 /* ServerErrorView.swift */ = {isa = PBXFileReference; fileEncoding = 4; lastKnownFileType = sourcecode.swift; path = ServerErrorView.swift; sourceTree = "<group>"; };
		B5EA26DF2D8D911B00D39349 /* FilterScreenView.swift */ = {isa = PBXFileReference; fileEncoding = 4; lastKnownFileType = sourcecode.swift; path = FilterScreenView.swift; sourceTree = "<group>"; };
		B5EA26E02D8D911B00D39349 /* RadioButtonRowView.swift */ = {isa = PBXFileReference; fileEncoding = 4; lastKnownFileType = sourcecode.swift; path = RadioButtonRowView.swift; sourceTree = "<group>"; };
		B5EA26E12D8D911B00D39349 /* CheckBoxRowView.swift */ = {isa = PBXFileReference; fileEncoding = 4; lastKnownFileType = sourcecode.swift; path = CheckBoxRowView.swift; sourceTree = "<group>"; };
		B5EA26E22D8D911B00D39349 /* CitySelectionView.swift */ = {isa = PBXFileReference; fileEncoding = 4; lastKnownFileType = sourcecode.swift; path = CitySelectionView.swift; sourceTree = "<group>"; };
		B5EA26E42D8D911B00D39349 /* SettingsView.swift */ = {isa = PBXFileReference; fileEncoding = 4; lastKnownFileType = sourcecode.swift; path = SettingsView.swift; sourceTree = "<group>"; };
		B5EA26E52D8D911B00D39349 /* UserAgreementView.swift */ = {isa = PBXFileReference; fileEncoding = 4; lastKnownFileType = sourcecode.swift; path = UserAgreementView.swift; sourceTree = "<group>"; };
		B5EA26E62D8D911B00D39349 /* StationSelectionView.swift */ = {isa = PBXFileReference; fileEncoding = 4; lastKnownFileType = sourcecode.swift; path = StationSelectionView.swift; sourceTree = "<group>"; };
		B5EA26E82D8D911B00D39349 /* DirectionsTextFieldView.swift */ = {isa = PBXFileReference; fileEncoding = 4; lastKnownFileType = sourcecode.swift; path = DirectionsTextFieldView.swift; sourceTree = "<group>"; };
		B5EA26EA2D8D911B00D39349 /* MainScreenView.swift */ = {isa = PBXFileReference; fileEncoding = 4; lastKnownFileType = sourcecode.swift; path = MainScreenView.swift; sourceTree = "<group>"; };
		B5EA26EB2D8D911B00D39349 /* ContentView.swift */ = {isa = PBXFileReference; fileEncoding = 4; lastKnownFileType = sourcecode.swift; path = ContentView.swift; sourceTree = "<group>"; };
		B5EA26FE2D8D91FE00D39349 /* ThemeService.swift */ = {isa = PBXFileReference; fileEncoding = 4; lastKnownFileType = sourcecode.swift; path = ThemeService.swift; sourceTree = "<group>"; };
		B5F833412D96C0410088C634 /* ViewedStoriesVeiw.swift */ = {isa = PBXFileReference; fileEncoding = 4; lastKnownFileType = sourcecode.swift; path = ViewedStoriesVeiw.swift; sourceTree = "<group>"; };
		B5F833422D96C0410088C634 /* CloseButton.swift */ = {isa = PBXFileReference; fileEncoding = 4; lastKnownFileType = sourcecode.swift; path = CloseButton.swift; sourceTree = "<group>"; };
		B5F833442D96C0410088C634 /* MaskFragmentView.swift */ = {isa = PBXFileReference; fileEncoding = 4; lastKnownFileType = sourcecode.swift; path = MaskFragmentView.swift; sourceTree = "<group>"; };
		B5F833452D96C0410088C634 /* ProgressBarView.swift */ = {isa = PBXFileReference; fileEncoding = 4; lastKnownFileType = sourcecode.swift; path = ProgressBarView.swift; sourceTree = "<group>"; };
		B5F833472D96C0410088C634 /* StoriesScreenMainView.swift */ = {isa = PBXFileReference; fileEncoding = 4; lastKnownFileType = sourcecode.swift; path = StoriesScreenMainView.swift; sourceTree = "<group>"; };
		B5F833482D96C0410088C634 /* StoriesView.swift */ = {isa = PBXFileReference; fileEncoding = 4; lastKnownFileType = sourcecode.swift; path = StoriesView.swift; sourceTree = "<group>"; };
		B5F833492D96C0410088C634 /* StoryTextContent.swift */ = {isa = PBXFileReference; fileEncoding = 4; lastKnownFileType = sourcecode.swift; path = StoryTextContent.swift; sourceTree = "<group>"; };
		B5F8334A2D96C0410088C634 /* StoryImageView.swift */ = {isa = PBXFileReference; fileEncoding = 4; lastKnownFileType = sourcecode.swift; path = StoryImageView.swift; sourceTree = "<group>"; };
		B5F8334B2D96C0410088C634 /* ConfigurationStory.swift */ = {isa = PBXFileReference; fileEncoding = 4; lastKnownFileType = sourcecode.swift; path = ConfigurationStory.swift; sourceTree = "<group>"; };
/* End PBXFileReference section */

/* Begin PBXFrameworksBuildPhase section */
		B52896732D54C18300A41FDA /* Frameworks */ = {
			isa = PBXFrameworksBuildPhase;
			buildActionMask = 2147483647;
			files = (
				B5D4053F2D5A21D900CCAB2C /* OpenAPIURLSession in Frameworks */,
				B5D4053C2D5A20EC00CCAB2C /* OpenAPIRuntime in Frameworks */,
			);
			runOnlyForDeploymentPostprocessing = 0;
		};
		B52896832D54C18B00A41FDA /* Frameworks */ = {
			isa = PBXFrameworksBuildPhase;
			buildActionMask = 2147483647;
			files = (
			);
			runOnlyForDeploymentPostprocessing = 0;
		};
		B528968D2D54C18B00A41FDA /* Frameworks */ = {
			isa = PBXFrameworksBuildPhase;
			buildActionMask = 2147483647;
			files = (
			);
			runOnlyForDeploymentPostprocessing = 0;
		};
/* End PBXFrameworksBuildPhase section */

/* Begin PBXGroup section */
		B50C1B552DA53A970031D541 /* Constants */ = {
			isa = PBXGroup;
			children = (
				B50C1B562DA53AB40031D541 /* Constants.swift */,
			);
			path = Constants;
			sourceTree = "<group>";
		};
		B528966D2D54C18300A41FDA = {
			isa = PBXGroup;
			children = (
				B52896782D54C18300A41FDA /* TravelSchedule */,
				B52896892D54C18B00A41FDA /* TravelScheduleTests */,
				B52896932D54C18B00A41FDA /* TravelScheduleUITests */,
				B52896772D54C18300A41FDA /* Products */,
			);
			sourceTree = "<group>";
		};
		B52896772D54C18300A41FDA /* Products */ = {
			isa = PBXGroup;
			children = (
				B52896762D54C18300A41FDA /* TravelSchedule.app */,
				B52896862D54C18B00A41FDA /* TravelScheduleTests.xctest */,
				B52896902D54C18B00A41FDA /* TravelScheduleUITests.xctest */,
			);
			name = Products;
			sourceTree = "<group>";
		};
		B52896782D54C18300A41FDA /* TravelSchedule */ = {
			isa = PBXGroup;
			children = (
				B50C1B552DA53A970031D541 /* Constants */,
				B5F8333D2D96BC950088C634 /* ViewModifiers */,
				B52896792D54C18300A41FDA /* TravelScheduleApp.swift */,
				B5EA26FD2D8D91FE00D39349 /* Service */,
				B5EA26D62D8D911B00D39349 /* View */,
				B5EA26C72D8D90E200D39349 /* Model */,
				B5EA26BA2D8D90BE00D39349 /* ViewModel */,
				B5D4054D2D5F6CC600CCAB2C /* ApplicationServices */,
				B5D405422D5CBF7800CCAB2C /* openapi-generator-config.yaml */,
				B5D405442D5CC0AA00CCAB2C /* openapi.yaml */,
				B528967D2D54C18A00A41FDA /* Assets.xcassets */,
				B528967F2D54C18A00A41FDA /* Preview Content */,
			);
			path = TravelSchedule;
			sourceTree = "<group>";
		};
		B528967F2D54C18A00A41FDA /* Preview Content */ = {
			isa = PBXGroup;
			children = (
				B52896802D54C18A00A41FDA /* Preview Assets.xcassets */,
			);
			path = "Preview Content";
			sourceTree = "<group>";
		};
		B52896892D54C18B00A41FDA /* TravelScheduleTests */ = {
			isa = PBXGroup;
			children = (
				B528968A2D54C18B00A41FDA /* TravelScheduleTests.swift */,
			);
			path = TravelScheduleTests;
			sourceTree = "<group>";
		};
		B52896932D54C18B00A41FDA /* TravelScheduleUITests */ = {
			isa = PBXGroup;
			children = (
				B52896942D54C18B00A41FDA /* TravelScheduleUITests.swift */,
				B52896962D54C18B00A41FDA /* TravelScheduleUITestsLaunchTests.swift */,
			);
			path = TravelScheduleUITests;
			sourceTree = "<group>";
		};
		B5D4054D2D5F6CC600CCAB2C /* ApplicationServices */ = {
			isa = PBXGroup;
			children = (
				B5D405472D5CC35400CCAB2C /* NearestStationService.swift */,
				B5D4054E2D5F6D0A00CCAB2C /* NearestSettlementService.swift */,
				B55348AA2D6770110079101F /* CarrierService.swift */,
				B55348AC2D6773D00079101F /* CopyrightService.swift */,
				B55348AE2D6774160079101F /* StationListService.swift */,
				B55348B02D67795D0079101F /* ThreadStationsService.swift */,
				B55348B22D677CEE0079101F /* SearchRouteService.swift */,
				B55348B42D688D090079101F /* StationScheduleService.swift */,
				B55348B62D6896870079101F /* TravelScheduleService.swift */,
				B50C1B4F2DA0131B0031D541 /* CityStationService.swift */,
				B50C1B602DA693690031D541 /* SearchRoutesNetworkService.swift */,
			);
			path = ApplicationServices;
			sourceTree = "<group>";
		};
		B5EA26BA2D8D90BE00D39349 /* ViewModel */ = {
			isa = PBXGroup;
			children = (
				B5EA26C82D8D90E200D39349 /* NavigationViewModel.swift */,
				B5EA26BB2D8D90BE00D39349 /* CitySelectionViewModel.swift */,
				B5EA26BD2D8D90BE00D39349 /* FilterViewModel.swift */,
				B5EA26BE2D8D90BE00D39349 /* StationSelectionViewModel.swift */,
				B5EA26C02D8D90BE00D39349 /* StoryScreenViewModel.swift */,
			);
			path = ViewModel;
			sourceTree = "<group>";
		};
		B5EA26C72D8D90E200D39349 /* Model */ = {
			isa = PBXGroup;
			children = (
				B5EA26C92D8D90E200D39349 /* CityModel.swift */,
				B5EA26CA2D8D90E200D39349 /* ScheduleModel.swift */,
				B5EA26CC2D8D90E200D39349 /* StoriesModel.swift */,
				B5EA26CD2D8D90E200D39349 /* StationModel.swift */,
				B5EA26CE2D8D90E200D39349 /* CarrierModel.swift */,
			);
			path = Model;
			sourceTree = "<group>";
		};
		B5EA26D62D8D911B00D39349 /* View */ = {
			isa = PBXGroup;
			children = (
				B5F833602D96C6EF0088C634 /* SplashScreenView */,
				B5F8335D2D96C6DA0088C634 /* ContentMainView */,
				B5F833402D96C0410088C634 /* StoriesView */,
				B5EA27012D8EAF7400D39349 /* CitySelectionView */,
				B5EA26D72D8D911B00D39349 /* CarrierScreenView */,
				B5EA26DB2D8D911B00D39349 /* ErrorViews */,
				B5EA26DE2D8D911B00D39349 /* FilterScreenView */,
				B5EA26E32D8D911B00D39349 /* SettingsScreenView */,
				B5EA27032D8EAF9600D39349 /* StationSelectionView */,
				B5EA26E72D8D911B00D39349 /* MainScreenView */,
			);
			path = View;
			sourceTree = "<group>";
		};
		B5EA26D72D8D911B00D39349 /* CarrierScreenView */ = {
			isa = PBXGroup;
			children = (
				B5EA26D82D8D911B00D39349 /* CarrierCard.swift */,
				B5EA26D92D8D911B00D39349 /* CarriersScreenView.swift */,
				B5EA26DA2D8D911B00D39349 /* CarrierScreenView.swift */,
			);
			path = CarrierScreenView;
			sourceTree = "<group>";
		};
		B5EA26DB2D8D911B00D39349 /* ErrorViews */ = {
			isa = PBXGroup;
			children = (
				B5EA26DC2D8D911B00D39349 /* InternetErrorView.swift */,
				B5EA26DD2D8D911B00D39349 /* ServerErrorView.swift */,
			);
			path = ErrorViews;
			sourceTree = "<group>";
		};
		B5EA26DE2D8D911B00D39349 /* FilterScreenView */ = {
			isa = PBXGroup;
			children = (
				B5EA26DF2D8D911B00D39349 /* FilterScreenView.swift */,
				B5EA26E02D8D911B00D39349 /* RadioButtonRowView.swift */,
				B5EA26E12D8D911B00D39349 /* CheckBoxRowView.swift */,
			);
			path = FilterScreenView;
			sourceTree = "<group>";
		};
		B5EA26E32D8D911B00D39349 /* SettingsScreenView */ = {
			isa = PBXGroup;
			children = (
				B5EA26E42D8D911B00D39349 /* SettingsView.swift */,
				B5EA26E52D8D911B00D39349 /* UserAgreementView.swift */,
			);
			path = SettingsScreenView;
			sourceTree = "<group>";
		};
		B5EA26E72D8D911B00D39349 /* MainScreenView */ = {
			isa = PBXGroup;
			children = (
				B5EA26E82D8D911B00D39349 /* DirectionsTextFieldView.swift */,
				B5EA26EA2D8D911B00D39349 /* MainScreenView.swift */,
			);
			path = MainScreenView;
			sourceTree = "<group>";
		};
		B5EA26FD2D8D91FE00D39349 /* Service */ = {
			isa = PBXGroup;
			children = (
				B55348BD2D68B0060079101F /* FetchDataController.swift */,
				B5EA26FE2D8D91FE00D39349 /* ThemeService.swift */,
			);
			path = Service;
			sourceTree = "<group>";
		};
		B5EA27012D8EAF7400D39349 /* CitySelectionView */ = {
			isa = PBXGroup;
			children = (
				B5EA26E22D8D911B00D39349 /* CitySelectionView.swift */,
			);
			path = CitySelectionView;
			sourceTree = "<group>";
		};
		B5EA27032D8EAF9600D39349 /* StationSelectionView */ = {
			isa = PBXGroup;
			children = (
				B5EA26E62D8D911B00D39349 /* StationSelectionView.swift */,
			);
			path = StationSelectionView;
			sourceTree = "<group>";
		};
		B5F8333D2D96BC950088C634 /* ViewModifiers */ = {
			isa = PBXGroup;
			children = (
				B5EA26CB2D8D90E200D39349 /* CustomBackButtonViewModifier.swift */,
			);
			path = ViewModifiers;
			sourceTree = "<group>";
		};
		B5F833402D96C0410088C634 /* StoriesView */ = {
			isa = PBXGroup;
			children = (
				B5F833472D96C0410088C634 /* StoriesScreenMainView.swift */,
				B5F833622D96C7090088C634 /* BigStoriesView */,
				B5F833592D96C6B80088C634 /* SmallStoriesView */,
			);
			path = StoriesView;
			sourceTree = "<group>";
		};
		B5F833432D96C0410088C634 /* ProgressBar */ = {
			isa = PBXGroup;
			children = (
				B5F833442D96C0410088C634 /* MaskFragmentView.swift */,
				B5F833452D96C0410088C634 /* ProgressBarView.swift */,
				B50C1B4D2D9C59B10031D541 /* MaskView.swift */,
			);
			path = ProgressBar;
			sourceTree = "<group>";
		};
		B5F833592D96C6B80088C634 /* SmallStoriesView */ = {
			isa = PBXGroup;
			children = (
				B5F833482D96C0410088C634 /* StoriesView.swift */,
				B5F833412D96C0410088C634 /* ViewedStoriesVeiw.swift */,
			);
			path = SmallStoriesView;
			sourceTree = "<group>";
		};
		B5F8335D2D96C6DA0088C634 /* ContentMainView */ = {
			isa = PBXGroup;
			children = (
				B5EA26EB2D8D911B00D39349 /* ContentView.swift */,
			);
			path = ContentMainView;
			sourceTree = "<group>";
		};
		B5F833602D96C6EF0088C634 /* SplashScreenView */ = {
			isa = PBXGroup;
			children = (
				B5EA26252D75C82C00D39349 /* SplashScreenView.swift */,
			);
			path = SplashScreenView;
			sourceTree = "<group>";
		};
		B5F833622D96C7090088C634 /* BigStoriesView */ = {
			isa = PBXGroup;
			children = (
				B5F833672D96C7440088C634 /* BigStoriesContentViews */,
				B5F833432D96C0410088C634 /* ProgressBar */,
			);
			path = BigStoriesView;
			sourceTree = "<group>";
		};
		B5F833672D96C7440088C634 /* BigStoriesContentViews */ = {
			isa = PBXGroup;
			children = (
				B5F8334A2D96C0410088C634 /* StoryImageView.swift */,
				B5F8334B2D96C0410088C634 /* ConfigurationStory.swift */,
				B5F833492D96C0410088C634 /* StoryTextContent.swift */,
				B5F833422D96C0410088C634 /* CloseButton.swift */,
			);
			path = BigStoriesContentViews;
			sourceTree = "<group>";
		};
/* End PBXGroup section */

/* Begin PBXNativeTarget section */
		B52896752D54C18300A41FDA /* TravelSchedule */ = {
			isa = PBXNativeTarget;
			buildConfigurationList = B528969A2D54C18B00A41FDA /* Build configuration list for PBXNativeTarget "TravelSchedule" */;
			buildPhases = (
				B52896722D54C18300A41FDA /* Sources */,
				B52896732D54C18300A41FDA /* Frameworks */,
				B52896742D54C18300A41FDA /* Resources */,
			);
			buildRules = (
			);
			dependencies = (
				B5D405412D5A225C00CCAB2C /* PBXTargetDependency */,
			);
			name = TravelSchedule;
			packageProductDependencies = (
				B5D4053B2D5A20EC00CCAB2C /* OpenAPIRuntime */,
				B5D4053E2D5A21D900CCAB2C /* OpenAPIURLSession */,
			);
			productName = TravelSchedule;
			productReference = B52896762D54C18300A41FDA /* TravelSchedule.app */;
			productType = "com.apple.product-type.application";
		};
		B52896852D54C18B00A41FDA /* TravelScheduleTests */ = {
			isa = PBXNativeTarget;
			buildConfigurationList = B528969D2D54C18B00A41FDA /* Build configuration list for PBXNativeTarget "TravelScheduleTests" */;
			buildPhases = (
				B52896822D54C18B00A41FDA /* Sources */,
				B52896832D54C18B00A41FDA /* Frameworks */,
				B52896842D54C18B00A41FDA /* Resources */,
			);
			buildRules = (
			);
			dependencies = (
				B52896882D54C18B00A41FDA /* PBXTargetDependency */,
			);
			name = TravelScheduleTests;
			productName = TravelScheduleTests;
			productReference = B52896862D54C18B00A41FDA /* TravelScheduleTests.xctest */;
			productType = "com.apple.product-type.bundle.unit-test";
		};
		B528968F2D54C18B00A41FDA /* TravelScheduleUITests */ = {
			isa = PBXNativeTarget;
			buildConfigurationList = B52896A02D54C18B00A41FDA /* Build configuration list for PBXNativeTarget "TravelScheduleUITests" */;
			buildPhases = (
				B528968C2D54C18B00A41FDA /* Sources */,
				B528968D2D54C18B00A41FDA /* Frameworks */,
				B528968E2D54C18B00A41FDA /* Resources */,
			);
			buildRules = (
			);
			dependencies = (
				B52896922D54C18B00A41FDA /* PBXTargetDependency */,
			);
			name = TravelScheduleUITests;
			productName = TravelScheduleUITests;
			productReference = B52896902D54C18B00A41FDA /* TravelScheduleUITests.xctest */;
			productType = "com.apple.product-type.bundle.ui-testing";
		};
/* End PBXNativeTarget section */

/* Begin PBXProject section */
		B528966E2D54C18300A41FDA /* Project object */ = {
			isa = PBXProject;
			attributes = {
				BuildIndependentTargetsInParallel = 1;
				LastSwiftUpdateCheck = 1510;
				LastUpgradeCheck = 1510;
				TargetAttributes = {
					B52896752D54C18300A41FDA = {
						CreatedOnToolsVersion = 15.1;
					};
					B52896852D54C18B00A41FDA = {
						CreatedOnToolsVersion = 15.1;
						TestTargetID = B52896752D54C18300A41FDA;
					};
					B528968F2D54C18B00A41FDA = {
						CreatedOnToolsVersion = 15.1;
						TestTargetID = B52896752D54C18300A41FDA;
					};
				};
			};
			buildConfigurationList = B52896712D54C18300A41FDA /* Build configuration list for PBXProject "TravelSchedule" */;
			compatibilityVersion = "Xcode 15.0";
			developmentRegion = en;
			hasScannedForEncodings = 0;
			knownRegions = (
				en,
				Base,
			);
			mainGroup = B528966D2D54C18300A41FDA;
			packageReferences = (
				B5D405392D5A20BA00CCAB2C /* XCRemoteSwiftPackageReference "swift-openapi-generator" */,
				B5D4053A2D5A20EC00CCAB2C /* XCRemoteSwiftPackageReference "swift-openapi-runtime" */,
				B5D4053D2D5A21D900CCAB2C /* XCRemoteSwiftPackageReference "swift-openapi-urlsession" */,
			);
			productRefGroup = B52896772D54C18300A41FDA /* Products */;
			projectDirPath = "";
			projectRoot = "";
			targets = (
				B52896752D54C18300A41FDA /* TravelSchedule */,
				B52896852D54C18B00A41FDA /* TravelScheduleTests */,
				B528968F2D54C18B00A41FDA /* TravelScheduleUITests */,
			);
		};
/* End PBXProject section */

/* Begin PBXResourcesBuildPhase section */
		B52896742D54C18300A41FDA /* Resources */ = {
			isa = PBXResourcesBuildPhase;
			buildActionMask = 2147483647;
			files = (
				B52896812D54C18A00A41FDA /* Preview Assets.xcassets in Resources */,
				B5D405452D5CC0AA00CCAB2C /* openapi.yaml in Resources */,
				B528967E2D54C18A00A41FDA /* Assets.xcassets in Resources */,
				B5D405432D5CBF7800CCAB2C /* openapi-generator-config.yaml in Resources */,
			);
			runOnlyForDeploymentPostprocessing = 0;
		};
		B52896842D54C18B00A41FDA /* Resources */ = {
			isa = PBXResourcesBuildPhase;
			buildActionMask = 2147483647;
			files = (
			);
			runOnlyForDeploymentPostprocessing = 0;
		};
		B528968E2D54C18B00A41FDA /* Resources */ = {
			isa = PBXResourcesBuildPhase;
			buildActionMask = 2147483647;
			files = (
			);
			runOnlyForDeploymentPostprocessing = 0;
		};
/* End PBXResourcesBuildPhase section */

/* Begin PBXSourcesBuildPhase section */
		B52896722D54C18300A41FDA /* Sources */ = {
			isa = PBXSourcesBuildPhase;
			buildActionMask = 2147483647;
			files = (
				B5EA26F52D8D911B00D39349 /* SettingsView.swift in Sources */,
				B5EA26ED2D8D911B00D39349 /* CarriersScreenView.swift in Sources */,
				B50C1B612DA693690031D541 /* SearchRoutesNetworkService.swift in Sources */,
				B55348AB2D6770110079101F /* CarrierService.swift in Sources */,
				B5F8334E2D96C0410088C634 /* MaskFragmentView.swift in Sources */,
				B5EA26D12D8D90E200D39349 /* ScheduleModel.swift in Sources */,
				B5EA26FF2D8D91FE00D39349 /* ThemeService.swift in Sources */,
				B50C1B572DA53AB40031D541 /* Constants.swift in Sources */,
				B5EA26C62D8D90BE00D39349 /* StoryScreenViewModel.swift in Sources */,
				B5F8334D2D96C0410088C634 /* CloseButton.swift in Sources */,
				B5D405482D5CC35400CCAB2C /* NearestStationService.swift in Sources */,
				B5D4054F2D5F6D0A00CCAB2C /* NearestSettlementService.swift in Sources */,
				B5EA26F72D8D911B00D39349 /* StationSelectionView.swift in Sources */,
				B5EA26D32D8D90E200D39349 /* StoriesModel.swift in Sources */,
				B5F833532D96C0410088C634 /* StoryTextContent.swift in Sources */,
				B5EA26262D75C82C00D39349 /* SplashScreenView.swift in Sources */,
				B5EA26F42D8D911B00D39349 /* CitySelectionView.swift in Sources */,
				B5EA26C32D8D90BE00D39349 /* FilterViewModel.swift in Sources */,
				B55348B72D6896870079101F /* TravelScheduleService.swift in Sources */,
				B5EA26D02D8D90E200D39349 /* CityModel.swift in Sources */,
				B55348B52D688D090079101F /* StationScheduleService.swift in Sources */,
				B5F8334F2D96C0410088C634 /* ProgressBarView.swift in Sources */,
				B5EA26F62D8D911B00D39349 /* UserAgreementView.swift in Sources */,
				B55348BE2D68B0060079101F /* FetchDataController.swift in Sources */,
				B5EA26EC2D8D911B00D39349 /* CarrierCard.swift in Sources */,
				B5EA26F12D8D911B00D39349 /* FilterScreenView.swift in Sources */,
				B5EA26F02D8D911B00D39349 /* ServerErrorView.swift in Sources */,
				B5F8334C2D96C0410088C634 /* ViewedStoriesVeiw.swift in Sources */,
				B5F833552D96C0410088C634 /* ConfigurationStory.swift in Sources */,
				B5EA26F22D8D911B00D39349 /* RadioButtonRowView.swift in Sources */,
				B5EA26D52D8D90E200D39349 /* CarrierModel.swift in Sources */,
				B50C1B4E2D9C59B10031D541 /* MaskView.swift in Sources */,
				B5EA26EE2D8D911B00D39349 /* CarrierScreenView.swift in Sources */,
				B5EA26C42D8D90BE00D39349 /* StationSelectionViewModel.swift in Sources */,
				B55348B12D67795D0079101F /* ThreadStationsService.swift in Sources */,
				B5EA26FB2D8D911B00D39349 /* ContentView.swift in Sources */,
				B5F833522D96C0410088C634 /* StoriesView.swift in Sources */,
				B55348AF2D6774160079101F /* StationListService.swift in Sources */,
				B50C1B502DA0131B0031D541 /* CityStationService.swift in Sources */,
				B5EA26F32D8D911B00D39349 /* CheckBoxRowView.swift in Sources */,
				B5EA26D22D8D90E200D39349 /* CustomBackButtonViewModifier.swift in Sources */,
				B5EA26FA2D8D911B00D39349 /* MainScreenView.swift in Sources */,
				B5EA26CF2D8D90E200D39349 /* NavigationViewModel.swift in Sources */,
				B5EA26C12D8D90BE00D39349 /* CitySelectionViewModel.swift in Sources */,
				B5F833542D96C0410088C634 /* StoryImageView.swift in Sources */,
				B5EA26EF2D8D911B00D39349 /* InternetErrorView.swift in Sources */,
				B5EA26D42D8D90E200D39349 /* StationModel.swift in Sources */,
				B5F833512D96C0410088C634 /* StoriesScreenMainView.swift in Sources */,
				B5EA26F82D8D911B00D39349 /* DirectionsTextFieldView.swift in Sources */,
				B528967A2D54C18300A41FDA /* TravelScheduleApp.swift in Sources */,
				B55348B32D677CEE0079101F /* SearchRouteService.swift in Sources */,
				B55348AD2D6773D00079101F /* CopyrightService.swift in Sources */,
			);
			runOnlyForDeploymentPostprocessing = 0;
		};
		B52896822D54C18B00A41FDA /* Sources */ = {
			isa = PBXSourcesBuildPhase;
			buildActionMask = 2147483647;
			files = (
				B528968B2D54C18B00A41FDA /* TravelScheduleTests.swift in Sources */,
			);
			runOnlyForDeploymentPostprocessing = 0;
		};
		B528968C2D54C18B00A41FDA /* Sources */ = {
			isa = PBXSourcesBuildPhase;
			buildActionMask = 2147483647;
			files = (
				B52896952D54C18B00A41FDA /* TravelScheduleUITests.swift in Sources */,
				B52896972D54C18B00A41FDA /* TravelScheduleUITestsLaunchTests.swift in Sources */,
			);
			runOnlyForDeploymentPostprocessing = 0;
		};
/* End PBXSourcesBuildPhase section */

/* Begin PBXTargetDependency section */
		B52896882D54C18B00A41FDA /* PBXTargetDependency */ = {
			isa = PBXTargetDependency;
			target = B52896752D54C18300A41FDA /* TravelSchedule */;
			targetProxy = B52896872D54C18B00A41FDA /* PBXContainerItemProxy */;
		};
		B52896922D54C18B00A41FDA /* PBXTargetDependency */ = {
			isa = PBXTargetDependency;
			target = B52896752D54C18300A41FDA /* TravelSchedule */;
			targetProxy = B52896912D54C18B00A41FDA /* PBXContainerItemProxy */;
		};
		B5D405412D5A225C00CCAB2C /* PBXTargetDependency */ = {
			isa = PBXTargetDependency;
			productRef = B5D405402D5A225C00CCAB2C /* OpenAPIGenerator */;
		};
/* End PBXTargetDependency section */

/* Begin XCBuildConfiguration section */
		B52896982D54C18B00A41FDA /* Debug */ = {
			isa = XCBuildConfiguration;
			buildSettings = {
				ALWAYS_SEARCH_USER_PATHS = NO;
				ASSETCATALOG_COMPILER_GENERATE_SWIFT_ASSET_SYMBOL_EXTENSIONS = YES;
				CLANG_ANALYZER_NONNULL = YES;
				CLANG_ANALYZER_NUMBER_OBJECT_CONVERSION = YES_AGGRESSIVE;
				CLANG_CXX_LANGUAGE_STANDARD = "gnu++20";
				CLANG_ENABLE_MODULES = YES;
				CLANG_ENABLE_OBJC_ARC = YES;
				CLANG_ENABLE_OBJC_WEAK = YES;
				CLANG_WARN_BLOCK_CAPTURE_AUTORELEASING = YES;
				CLANG_WARN_BOOL_CONVERSION = YES;
				CLANG_WARN_COMMA = YES;
				CLANG_WARN_CONSTANT_CONVERSION = YES;
				CLANG_WARN_DEPRECATED_OBJC_IMPLEMENTATIONS = YES;
				CLANG_WARN_DIRECT_OBJC_ISA_USAGE = YES_ERROR;
				CLANG_WARN_DOCUMENTATION_COMMENTS = YES;
				CLANG_WARN_EMPTY_BODY = YES;
				CLANG_WARN_ENUM_CONVERSION = YES;
				CLANG_WARN_INFINITE_RECURSION = YES;
				CLANG_WARN_INT_CONVERSION = YES;
				CLANG_WARN_NON_LITERAL_NULL_CONVERSION = YES;
				CLANG_WARN_OBJC_IMPLICIT_RETAIN_SELF = YES;
				CLANG_WARN_OBJC_LITERAL_CONVERSION = YES;
				CLANG_WARN_OBJC_ROOT_CLASS = YES_ERROR;
				CLANG_WARN_QUOTED_INCLUDE_IN_FRAMEWORK_HEADER = YES;
				CLANG_WARN_RANGE_LOOP_ANALYSIS = YES;
				CLANG_WARN_STRICT_PROTOTYPES = YES;
				CLANG_WARN_SUSPICIOUS_MOVE = YES;
				CLANG_WARN_UNGUARDED_AVAILABILITY = YES_AGGRESSIVE;
				CLANG_WARN_UNREACHABLE_CODE = YES;
				CLANG_WARN__DUPLICATE_METHOD_MATCH = YES;
				COPY_PHASE_STRIP = NO;
				DEBUG_INFORMATION_FORMAT = dwarf;
				ENABLE_STRICT_OBJC_MSGSEND = YES;
				ENABLE_TESTABILITY = YES;
				ENABLE_USER_SCRIPT_SANDBOXING = YES;
				GCC_C_LANGUAGE_STANDARD = gnu17;
				GCC_DYNAMIC_NO_PIC = NO;
				GCC_NO_COMMON_BLOCKS = YES;
				GCC_OPTIMIZATION_LEVEL = 0;
				GCC_PREPROCESSOR_DEFINITIONS = (
					"DEBUG=1",
					"$(inherited)",
				);
				GCC_WARN_64_TO_32_BIT_CONVERSION = YES;
				GCC_WARN_ABOUT_RETURN_TYPE = YES_ERROR;
				GCC_WARN_UNDECLARED_SELECTOR = YES;
				GCC_WARN_UNINITIALIZED_AUTOS = YES_AGGRESSIVE;
				GCC_WARN_UNUSED_FUNCTION = YES;
				GCC_WARN_UNUSED_VARIABLE = YES;
				IPHONEOS_DEPLOYMENT_TARGET = 17.2;
				LOCALIZATION_PREFERS_STRING_CATALOGS = YES;
				MTL_ENABLE_DEBUG_INFO = INCLUDE_SOURCE;
				MTL_FAST_MATH = YES;
				ONLY_ACTIVE_ARCH = YES;
				SDKROOT = iphoneos;
				SWIFT_ACTIVE_COMPILATION_CONDITIONS = "DEBUG $(inherited)";
				SWIFT_OPTIMIZATION_LEVEL = "-Onone";
				SWIFT_STRICT_CONCURRENCY = complete;
			};
			name = Debug;
		};
		B52896992D54C18B00A41FDA /* Release */ = {
			isa = XCBuildConfiguration;
			buildSettings = {
				ALWAYS_SEARCH_USER_PATHS = NO;
				ASSETCATALOG_COMPILER_GENERATE_SWIFT_ASSET_SYMBOL_EXTENSIONS = YES;
				CLANG_ANALYZER_NONNULL = YES;
				CLANG_ANALYZER_NUMBER_OBJECT_CONVERSION = YES_AGGRESSIVE;
				CLANG_CXX_LANGUAGE_STANDARD = "gnu++20";
				CLANG_ENABLE_MODULES = YES;
				CLANG_ENABLE_OBJC_ARC = YES;
				CLANG_ENABLE_OBJC_WEAK = YES;
				CLANG_WARN_BLOCK_CAPTURE_AUTORELEASING = YES;
				CLANG_WARN_BOOL_CONVERSION = YES;
				CLANG_WARN_COMMA = YES;
				CLANG_WARN_CONSTANT_CONVERSION = YES;
				CLANG_WARN_DEPRECATED_OBJC_IMPLEMENTATIONS = YES;
				CLANG_WARN_DIRECT_OBJC_ISA_USAGE = YES_ERROR;
				CLANG_WARN_DOCUMENTATION_COMMENTS = YES;
				CLANG_WARN_EMPTY_BODY = YES;
				CLANG_WARN_ENUM_CONVERSION = YES;
				CLANG_WARN_INFINITE_RECURSION = YES;
				CLANG_WARN_INT_CONVERSION = YES;
				CLANG_WARN_NON_LITERAL_NULL_CONVERSION = YES;
				CLANG_WARN_OBJC_IMPLICIT_RETAIN_SELF = YES;
				CLANG_WARN_OBJC_LITERAL_CONVERSION = YES;
				CLANG_WARN_OBJC_ROOT_CLASS = YES_ERROR;
				CLANG_WARN_QUOTED_INCLUDE_IN_FRAMEWORK_HEADER = YES;
				CLANG_WARN_RANGE_LOOP_ANALYSIS = YES;
				CLANG_WARN_STRICT_PROTOTYPES = YES;
				CLANG_WARN_SUSPICIOUS_MOVE = YES;
				CLANG_WARN_UNGUARDED_AVAILABILITY = YES_AGGRESSIVE;
				CLANG_WARN_UNREACHABLE_CODE = YES;
				CLANG_WARN__DUPLICATE_METHOD_MATCH = YES;
				COPY_PHASE_STRIP = NO;
				DEBUG_INFORMATION_FORMAT = "dwarf-with-dsym";
				ENABLE_NS_ASSERTIONS = NO;
				ENABLE_STRICT_OBJC_MSGSEND = YES;
				ENABLE_USER_SCRIPT_SANDBOXING = YES;
				GCC_C_LANGUAGE_STANDARD = gnu17;
				GCC_NO_COMMON_BLOCKS = YES;
				GCC_WARN_64_TO_32_BIT_CONVERSION = YES;
				GCC_WARN_ABOUT_RETURN_TYPE = YES_ERROR;
				GCC_WARN_UNDECLARED_SELECTOR = YES;
				GCC_WARN_UNINITIALIZED_AUTOS = YES_AGGRESSIVE;
				GCC_WARN_UNUSED_FUNCTION = YES;
				GCC_WARN_UNUSED_VARIABLE = YES;
				IPHONEOS_DEPLOYMENT_TARGET = 17.2;
				LOCALIZATION_PREFERS_STRING_CATALOGS = YES;
				MTL_ENABLE_DEBUG_INFO = NO;
				MTL_FAST_MATH = YES;
				SDKROOT = iphoneos;
				SWIFT_COMPILATION_MODE = wholemodule;
				SWIFT_STRICT_CONCURRENCY = complete;
				VALIDATE_PRODUCT = YES;
			};
			name = Release;
		};
		B528969B2D54C18B00A41FDA /* Debug */ = {
			isa = XCBuildConfiguration;
			buildSettings = {
				ASSETCATALOG_COMPILER_APPICON_NAME = AppIcon;
				ASSETCATALOG_COMPILER_GLOBAL_ACCENT_COLOR_NAME = AccentColor;
				CODE_SIGN_STYLE = Automatic;
				CURRENT_PROJECT_VERSION = 1;
				DEVELOPMENT_ASSET_PATHS = "\"TravelSchedule/Preview Content\"";
				DEVELOPMENT_TEAM = A89A5GBX7T;
				ENABLE_PREVIEWS = YES;
				GENERATE_INFOPLIST_FILE = YES;
				INFOPLIST_KEY_UIApplicationSceneManifest_Generation = YES;
				INFOPLIST_KEY_UIApplicationSupportsIndirectInputEvents = YES;
				INFOPLIST_KEY_UILaunchScreen_Generation = YES;
				INFOPLIST_KEY_UISupportedInterfaceOrientations_iPad = "UIInterfaceOrientationPortrait UIInterfaceOrientationPortraitUpsideDown UIInterfaceOrientationLandscapeLeft UIInterfaceOrientationLandscapeRight";
				INFOPLIST_KEY_UISupportedInterfaceOrientations_iPhone = "UIInterfaceOrientationPortrait UIInterfaceOrientationLandscapeLeft UIInterfaceOrientationLandscapeRight";
				IPHONEOS_DEPLOYMENT_TARGET = 16.0;
				LD_RUNPATH_SEARCH_PATHS = (
					"$(inherited)",
					"@executable_path/Frameworks",
				);
				MARKETING_VERSION = 1.0;
				PRODUCT_BUNDLE_IDENTIFIER = ru.praktikum.TravelSchedule.TravelSchedule;
				PRODUCT_NAME = "$(TARGET_NAME)";
				SWIFT_EMIT_LOC_STRINGS = YES;
				SWIFT_VERSION = 5.0;
				TARGETED_DEVICE_FAMILY = "1,2";
			};
			name = Debug;
		};
		B528969C2D54C18B00A41FDA /* Release */ = {
			isa = XCBuildConfiguration;
			buildSettings = {
				ASSETCATALOG_COMPILER_APPICON_NAME = AppIcon;
				ASSETCATALOG_COMPILER_GLOBAL_ACCENT_COLOR_NAME = AccentColor;
				CODE_SIGN_STYLE = Automatic;
				CURRENT_PROJECT_VERSION = 1;
				DEVELOPMENT_ASSET_PATHS = "\"TravelSchedule/Preview Content\"";
				DEVELOPMENT_TEAM = A89A5GBX7T;
				ENABLE_PREVIEWS = YES;
				GENERATE_INFOPLIST_FILE = YES;
				INFOPLIST_KEY_UIApplicationSceneManifest_Generation = YES;
				INFOPLIST_KEY_UIApplicationSupportsIndirectInputEvents = YES;
				INFOPLIST_KEY_UILaunchScreen_Generation = YES;
				INFOPLIST_KEY_UISupportedInterfaceOrientations_iPad = "UIInterfaceOrientationPortrait UIInterfaceOrientationPortraitUpsideDown UIInterfaceOrientationLandscapeLeft UIInterfaceOrientationLandscapeRight";
				INFOPLIST_KEY_UISupportedInterfaceOrientations_iPhone = "UIInterfaceOrientationPortrait UIInterfaceOrientationLandscapeLeft UIInterfaceOrientationLandscapeRight";
				IPHONEOS_DEPLOYMENT_TARGET = 16.0;
				LD_RUNPATH_SEARCH_PATHS = (
					"$(inherited)",
					"@executable_path/Frameworks",
				);
				MARKETING_VERSION = 1.0;
				PRODUCT_BUNDLE_IDENTIFIER = ru.praktikum.TravelSchedule.TravelSchedule;
				PRODUCT_NAME = "$(TARGET_NAME)";
				SWIFT_EMIT_LOC_STRINGS = YES;
				SWIFT_VERSION = 5.0;
				TARGETED_DEVICE_FAMILY = "1,2";
			};
			name = Release;
		};
		B528969E2D54C18B00A41FDA /* Debug */ = {
			isa = XCBuildConfiguration;
			buildSettings = {
				ALWAYS_EMBED_SWIFT_STANDARD_LIBRARIES = YES;
				BUNDLE_LOADER = "$(TEST_HOST)";
				CODE_SIGN_STYLE = Automatic;
				CURRENT_PROJECT_VERSION = 1;
				DEVELOPMENT_TEAM = A89A5GBX7T;
				GENERATE_INFOPLIST_FILE = YES;
				IPHONEOS_DEPLOYMENT_TARGET = 17.2;
				MARKETING_VERSION = 1.0;
				PRODUCT_BUNDLE_IDENTIFIER = ru.praktikum.TravelSchedule.TravelScheduleTests;
				PRODUCT_NAME = "$(TARGET_NAME)";
				SWIFT_EMIT_LOC_STRINGS = NO;
				SWIFT_VERSION = 5.0;
				TARGETED_DEVICE_FAMILY = "1,2";
				TEST_HOST = "$(BUILT_PRODUCTS_DIR)/TravelSchedule.app/$(BUNDLE_EXECUTABLE_FOLDER_PATH)/TravelSchedule";
			};
			name = Debug;
		};
		B528969F2D54C18B00A41FDA /* Release */ = {
			isa = XCBuildConfiguration;
			buildSettings = {
				ALWAYS_EMBED_SWIFT_STANDARD_LIBRARIES = YES;
				BUNDLE_LOADER = "$(TEST_HOST)";
				CODE_SIGN_STYLE = Automatic;
				CURRENT_PROJECT_VERSION = 1;
				DEVELOPMENT_TEAM = A89A5GBX7T;
				GENERATE_INFOPLIST_FILE = YES;
				IPHONEOS_DEPLOYMENT_TARGET = 17.2;
				MARKETING_VERSION = 1.0;
				PRODUCT_BUNDLE_IDENTIFIER = ru.praktikum.TravelSchedule.TravelScheduleTests;
				PRODUCT_NAME = "$(TARGET_NAME)";
				SWIFT_EMIT_LOC_STRINGS = NO;
				SWIFT_VERSION = 5.0;
				TARGETED_DEVICE_FAMILY = "1,2";
				TEST_HOST = "$(BUILT_PRODUCTS_DIR)/TravelSchedule.app/$(BUNDLE_EXECUTABLE_FOLDER_PATH)/TravelSchedule";
			};
			name = Release;
		};
		B52896A12D54C18B00A41FDA /* Debug */ = {
			isa = XCBuildConfiguration;
			buildSettings = {
				ALWAYS_EMBED_SWIFT_STANDARD_LIBRARIES = YES;
				CODE_SIGN_STYLE = Automatic;
				CURRENT_PROJECT_VERSION = 1;
				DEVELOPMENT_TEAM = A89A5GBX7T;
				GENERATE_INFOPLIST_FILE = YES;
				MARKETING_VERSION = 1.0;
				PRODUCT_BUNDLE_IDENTIFIER = ru.praktikum.TravelSchedule.TravelScheduleUITests;
				PRODUCT_NAME = "$(TARGET_NAME)";
				SWIFT_EMIT_LOC_STRINGS = NO;
				SWIFT_VERSION = 5.0;
				TARGETED_DEVICE_FAMILY = "1,2";
				TEST_TARGET_NAME = TravelSchedule;
			};
			name = Debug;
		};
		B52896A22D54C18B00A41FDA /* Release */ = {
			isa = XCBuildConfiguration;
			buildSettings = {
				ALWAYS_EMBED_SWIFT_STANDARD_LIBRARIES = YES;
				CODE_SIGN_STYLE = Automatic;
				CURRENT_PROJECT_VERSION = 1;
				DEVELOPMENT_TEAM = A89A5GBX7T;
				GENERATE_INFOPLIST_FILE = YES;
				MARKETING_VERSION = 1.0;
				PRODUCT_BUNDLE_IDENTIFIER = ru.praktikum.TravelSchedule.TravelScheduleUITests;
				PRODUCT_NAME = "$(TARGET_NAME)";
				SWIFT_EMIT_LOC_STRINGS = NO;
				SWIFT_VERSION = 5.0;
				TARGETED_DEVICE_FAMILY = "1,2";
				TEST_TARGET_NAME = TravelSchedule;
			};
			name = Release;
		};
/* End XCBuildConfiguration section */

/* Begin XCConfigurationList section */
		B52896712D54C18300A41FDA /* Build configuration list for PBXProject "TravelSchedule" */ = {
			isa = XCConfigurationList;
			buildConfigurations = (
				B52896982D54C18B00A41FDA /* Debug */,
				B52896992D54C18B00A41FDA /* Release */,
			);
			defaultConfigurationIsVisible = 0;
			defaultConfigurationName = Release;
		};
		B528969A2D54C18B00A41FDA /* Build configuration list for PBXNativeTarget "TravelSchedule" */ = {
			isa = XCConfigurationList;
			buildConfigurations = (
				B528969B2D54C18B00A41FDA /* Debug */,
				B528969C2D54C18B00A41FDA /* Release */,
			);
			defaultConfigurationIsVisible = 0;
			defaultConfigurationName = Release;
		};
		B528969D2D54C18B00A41FDA /* Build configuration list for PBXNativeTarget "TravelScheduleTests" */ = {
			isa = XCConfigurationList;
			buildConfigurations = (
				B528969E2D54C18B00A41FDA /* Debug */,
				B528969F2D54C18B00A41FDA /* Release */,
			);
			defaultConfigurationIsVisible = 0;
			defaultConfigurationName = Release;
		};
		B52896A02D54C18B00A41FDA /* Build configuration list for PBXNativeTarget "TravelScheduleUITests" */ = {
			isa = XCConfigurationList;
			buildConfigurations = (
				B52896A12D54C18B00A41FDA /* Debug */,
				B52896A22D54C18B00A41FDA /* Release */,
			);
			defaultConfigurationIsVisible = 0;
			defaultConfigurationName = Release;
		};
/* End XCConfigurationList section */

/* Begin XCRemoteSwiftPackageReference section */
		B5D405392D5A20BA00CCAB2C /* XCRemoteSwiftPackageReference "swift-openapi-generator" */ = {
			isa = XCRemoteSwiftPackageReference;
			repositoryURL = "https://github.com/apple/swift-openapi-generator";
			requirement = {
				kind = upToNextMajorVersion;
				minimumVersion = 1.7.0;
			};
		};
		B5D4053A2D5A20EC00CCAB2C /* XCRemoteSwiftPackageReference "swift-openapi-runtime" */ = {
			isa = XCRemoteSwiftPackageReference;
			repositoryURL = "https://github.com/apple/swift-openapi-runtime";
			requirement = {
				kind = upToNextMajorVersion;
				minimumVersion = 1.8.0;
			};
		};
		B5D4053D2D5A21D900CCAB2C /* XCRemoteSwiftPackageReference "swift-openapi-urlsession" */ = {
			isa = XCRemoteSwiftPackageReference;
			repositoryURL = "https://github.com/apple/swift-openapi-urlsession";
			requirement = {
				kind = upToNextMajorVersion;
				minimumVersion = 1.0.2;
			};
		};
/* End XCRemoteSwiftPackageReference section */

/* Begin XCSwiftPackageProductDependency section */
		B5D4053B2D5A20EC00CCAB2C /* OpenAPIRuntime */ = {
			isa = XCSwiftPackageProductDependency;
			package = B5D4053A2D5A20EC00CCAB2C /* XCRemoteSwiftPackageReference "swift-openapi-runtime" */;
			productName = OpenAPIRuntime;
		};
		B5D4053E2D5A21D900CCAB2C /* OpenAPIURLSession */ = {
			isa = XCSwiftPackageProductDependency;
			package = B5D4053D2D5A21D900CCAB2C /* XCRemoteSwiftPackageReference "swift-openapi-urlsession" */;
			productName = OpenAPIURLSession;
		};
		B5D405402D5A225C00CCAB2C /* OpenAPIGenerator */ = {
			isa = XCSwiftPackageProductDependency;
			package = B5D405392D5A20BA00CCAB2C /* XCRemoteSwiftPackageReference "swift-openapi-generator" */;
			productName = "plugin:OpenAPIGenerator";
		};
/* End XCSwiftPackageProductDependency section */
	};
	rootObject = B528966E2D54C18300A41FDA /* Project object */;
}
